
Microsoft Visual Studio Solution File, Format Version 12.00
# Visual Studio Version 17
VisualStudioVersion = 17.6.33712.159
MinimumVisualStudioVersion = 10.0.40219.1
Project("{9A19103F-16F7-4668-BE54-9A1E7A4F7556}") = "demoQA", "demoQA\demoQA.csproj", "{477BBBED-4616-4B34-9700-3813A554C324}"
EndProject
Global
	GlobalSection(SolutionConfigurationPlatforms) = preSolution
		Debug|Any CPU = Debug|Any CPU
		Release|Any CPU = Release|Any CPU
	EndGlobalSection
	GlobalSection(ProjectConfigurationPlatforms) = postSolution
		{477BBBED-4616-4B34-9700-3813A554C324}.Debug|Any CPU.ActiveCfg = Debug|Any CPU
		{477BBBED-4616-4B34-9700-3813A554C324}.Debug|Any CPU.Build.0 = Debug|Any CPU
		{477BBBED-4616-4B34-9700-3813A554C324}.Release|Any CPU.ActiveCfg = Release|Any CPU
		{477BBBED-4616-4B34-9700-3813A554C324}.Release|Any CPU.Build.0 = Release|Any CPU
	EndGlobalSection
	GlobalSection(SolutionProperties) = preSolution
		HideSolutionNode = FALSE
	EndGlobalSection
	GlobalSection(ExtensibilityGlobals) = postSolution
		SolutionGuid = {06F6F8A4-9D51-4AE0-9972-5AD667F97A5E}
	EndGlobalSection
EndGlobal
